
Microsoft Visual Studio Solution File, Format Version 12.00
# Visual Studio Version 16
VisualStudioVersion = 16.0.32002.261
MinimumVisualStudioVersion = 10.0.40219.1
Project("{888888A0-9F3D-457C-B088-3A5042F75D52}") = "Cipher", "Cipher.pyproj", "{78812A6B-B8C9-481E-B192-C074EC01A0BA}"
EndProject
Global
	GlobalSection(SolutionConfigurationPlatforms) = preSolution
		Debug|Any CPU = Debug|Any CPU
		Release|Any CPU = Release|Any CPU
	EndGlobalSection
	GlobalSection(ProjectConfigurationPlatforms) = postSolution
		{78812A6B-B8C9-481E-B192-C074EC01A0BA}.Debug|Any CPU.ActiveCfg = Debug|Any CPU
		{78812A6B-B8C9-481E-B192-C074EC01A0BA}.Release|Any CPU.ActiveCfg = Release|Any CPU
	EndGlobalSection
	GlobalSection(SolutionProperties) = preSolution
		HideSolutionNode = FALSE
	EndGlobalSection
	GlobalSection(ExtensibilityGlobals) = postSolution
		SolutionGuid = {0BE911E3-5E29-4F56-82C2-2C940EDEAB11}
	EndGlobalSection
EndGlobal
